
Microsoft Visual Studio Solution File, Format Version 12.00
# Visual Studio Version 17
VisualStudioVersion = 17.11.35431.28
MinimumVisualStudioVersion = 10.0.40219.1
Project("{8BC9CEB8-8B4A-11D0-8D11-00A0C91BC942}") = "osi_lab2_server", "osi_lab2_server.vcxproj", "{E3EDA4DA-2914-46AC-A97B-17D1813562EE}"
EndProject
Global
	GlobalSection(SolutionConfigurationPlatforms) = preSolution
		Debug|x64 = Debug|x64
		Debug|x86 = Debug|x86
		Release|x64 = Release|x64
		Release|x86 = Release|x86
	EndGlobalSection
	GlobalSection(ProjectConfigurationPlatforms) = postSolution
		{E3EDA4DA-2914-46AC-A97B-17D1813562EE}.Debug|x64.ActiveCfg = Debug|x64
		{E3EDA4DA-2914-46AC-A97B-17D1813562EE}.Debug|x64.Build.0 = Debug|x64
		{E3EDA4DA-2914-46AC-A97B-17D1813562EE}.Debug|x86.ActiveCfg = Debug|Win32
		{E3EDA4DA-2914-46AC-A97B-17D1813562EE}.Debug|x86.Build.0 = Debug|Win32
		{E3EDA4DA-2914-46AC-A97B-17D1813562EE}.Release|x64.ActiveCfg = Release|x64
		{E3EDA4DA-2914-46AC-A97B-17D1813562EE}.Release|x64.Build.0 = Release|x64
		{E3EDA4DA-2914-46AC-A97B-17D1813562EE}.Release|x86.ActiveCfg = Release|Win32
		{E3EDA4DA-2914-46AC-A97B-17D1813562EE}.Release|x86.Build.0 = Release|Win32
	EndGlobalSection
	GlobalSection(SolutionProperties) = preSolution
		HideSolutionNode = FALSE
	EndGlobalSection
	GlobalSection(ExtensibilityGlobals) = postSolution
		SolutionGuid = {9C78606B-9390-4979-BFF1-310F4895B5A3}
	EndGlobalSection
EndGlobal
